
Microsoft Visual Studio Solution File, Format Version 12.00
# Visual Studio Version 17
VisualStudioVersion = 17.6.33815.320
MinimumVisualStudioVersion = 10.0.40219.1
Project("{9A19103F-16F7-4668-BE54-9A1E7A4F7556}") = "szorzotabla", "szorzotabla\szorzotabla.csproj", "{AAEE084F-31DA-4298-AB79-A2830E667581}"
EndProject
Project("{9A19103F-16F7-4668-BE54-9A1E7A4F7556}") = "fibonacci", "fibonacci\fibonacci.csproj", "{4030DD7A-7F44-418C-9502-8277A7F6A0C6}"
EndProject
Project("{9A19103F-16F7-4668-BE54-9A1E7A4F7556}") = "pascal", "pascal\pascal.csproj", "{6E522518-EC82-4521-B402-28263476EE38}"
EndProject
Project("{FAE04EC0-301F-11D3-BF4B-00C04F79EFBC}") = "Villogo_gomb", "Villogo_gomb\Villogo_gomb.csproj", "{F83E6DA0-8621-432E-8895-7986D362857E}"
EndProject
Project("{FAE04EC0-301F-11D3-BF4B-00C04F79EFBC}") = "Veletlen", "Veletlen\Veletlen.csproj", "{77416AB1-AA80-446F-8446-EB52E0C76AF1}"
EndProject
Project("{FAE04EC0-301F-11D3-BF4B-00C04F79EFBC}") = "Formak", "Formak\Formak.csproj", "{CF551D93-C3BA-4A55-A91C-FEF5C71D1D95}"
EndProject
Global
	GlobalSection(SolutionConfigurationPlatforms) = preSolution
		Debug|Any CPU = Debug|Any CPU
		Release|Any CPU = Release|Any CPU
	EndGlobalSection
	GlobalSection(ProjectConfigurationPlatforms) = postSolution
		{AAEE084F-31DA-4298-AB79-A2830E667581}.Debug|Any CPU.ActiveCfg = Debug|Any CPU
		{AAEE084F-31DA-4298-AB79-A2830E667581}.Debug|Any CPU.Build.0 = Debug|Any CPU
		{AAEE084F-31DA-4298-AB79-A2830E667581}.Release|Any CPU.ActiveCfg = Release|Any CPU
		{AAEE084F-31DA-4298-AB79-A2830E667581}.Release|Any CPU.Build.0 = Release|Any CPU
		{4030DD7A-7F44-418C-9502-8277A7F6A0C6}.Debug|Any CPU.ActiveCfg = Debug|Any CPU
		{4030DD7A-7F44-418C-9502-8277A7F6A0C6}.Debug|Any CPU.Build.0 = Debug|Any CPU
		{4030DD7A-7F44-418C-9502-8277A7F6A0C6}.Release|Any CPU.ActiveCfg = Release|Any CPU
		{4030DD7A-7F44-418C-9502-8277A7F6A0C6}.Release|Any CPU.Build.0 = Release|Any CPU
		{6E522518-EC82-4521-B402-28263476EE38}.Debug|Any CPU.ActiveCfg = Debug|Any CPU
		{6E522518-EC82-4521-B402-28263476EE38}.Debug|Any CPU.Build.0 = Debug|Any CPU
		{6E522518-EC82-4521-B402-28263476EE38}.Release|Any CPU.ActiveCfg = Release|Any CPU
		{6E522518-EC82-4521-B402-28263476EE38}.Release|Any CPU.Build.0 = Release|Any CPU
		{F83E6DA0-8621-432E-8895-7986D362857E}.Debug|Any CPU.ActiveCfg = Debug|Any CPU
		{F83E6DA0-8621-432E-8895-7986D362857E}.Debug|Any CPU.Build.0 = Debug|Any CPU
		{F83E6DA0-8621-432E-8895-7986D362857E}.Release|Any CPU.ActiveCfg = Release|Any CPU
		{F83E6DA0-8621-432E-8895-7986D362857E}.Release|Any CPU.Build.0 = Release|Any CPU
		{77416AB1-AA80-446F-8446-EB52E0C76AF1}.Debug|Any CPU.ActiveCfg = Debug|Any CPU
		{77416AB1-AA80-446F-8446-EB52E0C76AF1}.Debug|Any CPU.Build.0 = Debug|Any CPU
		{77416AB1-AA80-446F-8446-EB52E0C76AF1}.Release|Any CPU.ActiveCfg = Release|Any CPU
		{77416AB1-AA80-446F-8446-EB52E0C76AF1}.Release|Any CPU.Build.0 = Release|Any CPU
		{CF551D93-C3BA-4A55-A91C-FEF5C71D1D95}.Debug|Any CPU.ActiveCfg = Debug|Any CPU
		{CF551D93-C3BA-4A55-A91C-FEF5C71D1D95}.Debug|Any CPU.Build.0 = Debug|Any CPU
		{CF551D93-C3BA-4A55-A91C-FEF5C71D1D95}.Release|Any CPU.ActiveCfg = Release|Any CPU
		{CF551D93-C3BA-4A55-A91C-FEF5C71D1D95}.Release|Any CPU.Build.0 = Release|Any CPU
	EndGlobalSection
	GlobalSection(SolutionProperties) = preSolution
		HideSolutionNode = FALSE
	EndGlobalSection
	GlobalSection(ExtensibilityGlobals) = postSolution
		SolutionGuid = {7E3D68F0-8B43-415B-9F7C-A899CCD74B9F}
	EndGlobalSection
EndGlobal
